Microsoft Visual Studio Solution File, Format Version 12.00
# Visual Studio Version 17
VisualStudioVersion = 17.5.2.0
MinimumVisualStudioVersion = 10.0.40219.1
Project("{FAE04EC0-301F-11D3-BF4B-00C04F79EFBC}") = "BailamMVC", "BailamMVC\BailamMVC.csproj", "{B1592ABD-F172-26D6-050C-CD78DF875C85}"
EndProject
Global
	GlobalSection(SolutionConfigurationPlatforms) = preSolution
		Debug|Any CPU = Debug|Any CPU
		Release|Any CPU = Release|Any CPU
	EndGlobalSection
	GlobalSection(ProjectConfigurationPlatforms) = postSolution
		{B1592ABD-F172-26D6-050C-CD78DF875C85}.Debug|Any CPU.ActiveCfg = Debug|Any CPU
		{B1592ABD-F172-26D6-050C-CD78DF875C85}.Debug|Any CPU.Build.0 = Debug|Any CPU
		{B1592ABD-F172-26D6-050C-CD78DF875C85}.Release|Any CPU.ActiveCfg = Release|Any CPU
		{B1592ABD-F172-26D6-050C-CD78DF875C85}.Release|Any CPU.Build.0 = Release|Any CPU
	EndGlobalSection
	GlobalSection(SolutionProperties) = preSolution
		HideSolutionNode = FALSE
	EndGlobalSection
	GlobalSection(ExtensibilityGlobals) = postSolution
		SolutionGuid = {3765DC5A-19DD-4D28-A2FA-6734EB242768}
	EndGlobalSection
EndGlobal
